// !$*UTF8*$!
{
	archiveVersion = 1;
	classes = {
	};
	objectVersion = 56;
	objects = {

/* Begin PBXBuildFile section */
		5D07E9AF2AFA232B0002CDED /* Kingfisher in Frameworks */ = {isa = PBXBuildFile; productRef = 5D07E9AE2AFA232B0002CDED /* Kingfisher */; };
		5D07E9B22AFA328A0002CDED /* SwiftKeychainWrapper in Frameworks */ = {isa = PBXBuildFile; productRef = 5D07E9B12AFA328A0002CDED /* SwiftKeychainWrapper */; };
		5D07E9B42AFA53340002CDED /* TabBarController.swift in Sources */ = {isa = PBXBuildFile; fileRef = 5D07E9B32AFA53340002CDED /* TabBarController.swift */; };
		5D0E50452AD667810059AE7A /* OAuth2Service.swift in Sources */ = {isa = PBXBuildFile; fileRef = 5D0E50442AD667810059AE7A /* OAuth2Service.swift */; };
		5D0E50472AD69DEC0059AE7A /* OAuth2TokenStorage.swift in Sources */ = {isa = PBXBuildFile; fileRef = 5D0E50462AD69DEC0059AE7A /* OAuth2TokenStorage.swift */; };
		5D1934F62AA31FE7000B608B /* AppDelegate.swift in Sources */ = {isa = PBXBuildFile; fileRef = 5D1934F52AA31FE7000B608B /* AppDelegate.swift */; };
		5D1934F82AA31FE7000B608B /* SceneDelegate.swift in Sources */ = {isa = PBXBuildFile; fileRef = 5D1934F72AA31FE7000B608B /* SceneDelegate.swift */; };
		5D1934FA2AA31FE7000B608B /* ImagesListViewController.swift in Sources */ = {isa = PBXBuildFile; fileRef = 5D1934F92AA31FE7000B608B /* ImagesListViewController.swift */; };
		5D1934FD2AA31FE7000B608B /* Main.storyboard in Resources */ = {isa = PBXBuildFile; fileRef = 5D1934FB2AA31FE7000B608B /* Main.storyboard */; };
		5D1934FF2AA31FEA000B608B /* Assets.xcassets in Resources */ = {isa = PBXBuildFile; fileRef = 5D1934FE2AA31FEA000B608B /* Assets.xcassets */; };
		5D1935022AA31FEA000B608B /* LaunchScreen.storyboard in Resources */ = {isa = PBXBuildFile; fileRef = 5D1935002AA31FEA000B608B /* LaunchScreen.storyboard */; };
		5D19350A2AA35816000B608B /* ImagesListCell.swift in Sources */ = {isa = PBXBuildFile; fileRef = 5D1935092AA35816000B608B /* ImagesListCell.swift */; };
		5D1A26172AB1AB4E00EE9DE8 /* SingleImageViewController.swift in Sources */ = {isa = PBXBuildFile; fileRef = 5D1A26162AB1AB4E00EE9DE8 /* SingleImageViewController.swift */; };
		5D1D69E52ADE6B3000090719 /* SplashViewController.swift in Sources */ = {isa = PBXBuildFile; fileRef = 5D1D69E42ADE6B3000090719 /* SplashViewController.swift */; };
		5D3090DC2AC0027700933F1F /* UIColor+Extensions.swift in Sources */ = {isa = PBXBuildFile; fileRef = 5D3090DB2AC0027700933F1F /* UIColor+Extensions.swift */; };
		5D372BE82ACBF92300C032C1 /* AuthViewController.swift in Sources */ = {isa = PBXBuildFile; fileRef = 5D372BE72ACBF92300C032C1 /* AuthViewController.swift */; };
		5D372BEB2ACBFA7A00C032C1 /* WebViewViewController.swift in Sources */ = {isa = PBXBuildFile; fileRef = 5D372BEA2ACBFA7A00C032C1 /* WebViewViewController.swift */; };
		5D3EC7A92AC4245E007FD69B /* AuthConfiguration.swift in Sources */ = {isa = PBXBuildFile; fileRef = 5D3EC7A82AC4245E007FD69B /* AuthConfiguration.swift */; };
		5D5C079F2B08A65F00EF8007 /* WebViewPresenter.swift in Sources */ = {isa = PBXBuildFile; fileRef = 5D5C079E2B08A65F00EF8007 /* WebViewPresenter.swift */; };
		5D63DA172AB0970300BD3736 /* ProfileViewController.swift in Sources */ = {isa = PBXBuildFile; fileRef = 5D63DA162AB0970300BD3736 /* ProfileViewController.swift */; };
		5D6E793C2AE8F8A400005AC4 /* UIBlockingProgressHUD.swift in Sources */ = {isa = PBXBuildFile; fileRef = 5D6E793B2AE8F8A400005AC4 /* UIBlockingProgressHUD.swift */; };
		5D6E793E2AE90C6E00005AC4 /* ProfileService.swift in Sources */ = {isa = PBXBuildFile; fileRef = 5D6E793D2AE90C6E00005AC4 /* ProfileService.swift */; };
		5D6E79402AEF89BD00005AC4 /* ProfileImageService.swift in Sources */ = {isa = PBXBuildFile; fileRef = 5D6E793F2AEF89BD00005AC4 /* ProfileImageService.swift */; };
		5D86E3562AE3A674008D1197 /* NetworkError.swift in Sources */ = {isa = PBXBuildFile; fileRef = 5D86E3552AE3A674008D1197 /* NetworkError.swift */; };
		5D87D08C2AE534360067B333 /* ProgressHUD in Frameworks */ = {isa = PBXBuildFile; productRef = 5D87D08B2AE534360067B333 /* ProgressHUD */; };
		5D8A35A52B0B24F900E88A8D /* AuthHelper.swift in Sources */ = {isa = PBXBuildFile; fileRef = 5D8A35A42B0B24F900E88A8D /* AuthHelper.swift */; };
		5DDAB5E42AF7EE5900B2BB29 /* URLSession.swift in Sources */ = {isa = PBXBuildFile; fileRef = 5DDAB5E32AF7EE5900B2BB29 /* URLSession.swift */; };
		5DE9E8032AFE4FB300CA34BB /* ImagesListService.swift in Sources */ = {isa = PBXBuildFile; fileRef = 5DE9E8022AFE4FB300CA34BB /* ImagesListService.swift */; };
/* End PBXBuildFile section */

/* Begin PBXFileReference section */
		5D07E9B32AFA53340002CDED /* TabBarController.swift */ = {isa = PBXFileReference; lastKnownFileType = sourcecode.swift; path = TabBarController.swift; sourceTree = "<group>"; };
		5D0E50442AD667810059AE7A /* OAuth2Service.swift */ = {isa = PBXFileReference; lastKnownFileType = sourcecode.swift; path = OAuth2Service.swift; sourceTree = "<group>"; };
		5D0E50462AD69DEC0059AE7A /* OAuth2TokenStorage.swift */ = {isa = PBXFileReference; lastKnownFileType = sourcecode.swift; path = OAuth2TokenStorage.swift; sourceTree = "<group>"; };
		5D1934F22AA31FE7000B608B /* ImageFeed.app */ = {isa = PBXFileReference; explicitFileType = wrapper.application; includeInIndex = 0; path = ImageFeed.app; sourceTree = BUILT_PRODUCTS_DIR; };
		5D1934F52AA31FE7000B608B /* AppDelegate.swift */ = {isa = PBXFileReference; lastKnownFileType = sourcecode.swift; path = AppDelegate.swift; sourceTree = "<group>"; };
		5D1934F72AA31FE7000B608B /* SceneDelegate.swift */ = {isa = PBXFileReference; lastKnownFileType = sourcecode.swift; path = SceneDelegate.swift; sourceTree = "<group>"; };
		5D1934F92AA31FE7000B608B /* ImagesListViewController.swift */ = {isa = PBXFileReference; lastKnownFileType = sourcecode.swift; path = ImagesListViewController.swift; sourceTree = "<group>"; };
		5D1934FC2AA31FE7000B608B /* Base */ = {isa = PBXFileReference; lastKnownFileType = file.storyboard; name = Base; path = Base.lproj/Main.storyboard; sourceTree = "<group>"; };
		5D1934FE2AA31FEA000B608B /* Assets.xcassets */ = {isa = PBXFileReference; lastKnownFileType = folder.assetcatalog; path = Assets.xcassets; sourceTree = "<group>"; };
		5D1935012AA31FEA000B608B /* Base */ = {isa = PBXFileReference; lastKnownFileType = file.storyboard; name = Base; path = Base.lproj/LaunchScreen.storyboard; sourceTree = "<group>"; };
		5D1935032AA31FEA000B608B /* Info.plist */ = {isa = PBXFileReference; lastKnownFileType = text.plist.xml; path = Info.plist; sourceTree = "<group>"; };
		5D1935092AA35816000B608B /* ImagesListCell.swift */ = {isa = PBXFileReference; lastKnownFileType = sourcecode.swift; path = ImagesListCell.swift; sourceTree = "<group>"; };
		5D1A26162AB1AB4E00EE9DE8 /* SingleImageViewController.swift */ = {isa = PBXFileReference; lastKnownFileType = sourcecode.swift; path = SingleImageViewController.swift; sourceTree = "<group>"; };
		5D1D69E42ADE6B3000090719 /* SplashViewController.swift */ = {isa = PBXFileReference; lastKnownFileType = sourcecode.swift; path = SplashViewController.swift; sourceTree = "<group>"; };
		5D3090DB2AC0027700933F1F /* UIColor+Extensions.swift */ = {isa = PBXFileReference; lastKnownFileType = sourcecode.swift; path = "UIColor+Extensions.swift"; sourceTree = "<group>"; };
		5D372BE72ACBF92300C032C1 /* AuthViewController.swift */ = {isa = PBXFileReference; lastKnownFileType = sourcecode.swift; path = AuthViewController.swift; sourceTree = "<group>"; };
		5D372BEA2ACBFA7A00C032C1 /* WebViewViewController.swift */ = {isa = PBXFileReference; lastKnownFileType = sourcecode.swift; path = WebViewViewController.swift; sourceTree = "<group>"; };
		5D3EC7A82AC4245E007FD69B /* AuthConfiguration.swift */ = {isa = PBXFileReference; lastKnownFileType = sourcecode.swift; path = AuthConfiguration.swift; sourceTree = "<group>"; };
		5D5C079E2B08A65F00EF8007 /* WebViewPresenter.swift */ = {isa = PBXFileReference; lastKnownFileType = sourcecode.swift; path = WebViewPresenter.swift; sourceTree = "<group>"; };
		5D63DA162AB0970300BD3736 /* ProfileViewController.swift */ = {isa = PBXFileReference; lastKnownFileType = sourcecode.swift; path = ProfileViewController.swift; sourceTree = "<group>"; };
		5D6E793B2AE8F8A400005AC4 /* UIBlockingProgressHUD.swift */ = {isa = PBXFileReference; lastKnownFileType = sourcecode.swift; path = UIBlockingProgressHUD.swift; sourceTree = "<group>"; };
		5D6E793D2AE90C6E00005AC4 /* ProfileService.swift */ = {isa = PBXFileReference; lastKnownFileType = sourcecode.swift; path = ProfileService.swift; sourceTree = "<group>"; };
		5D6E793F2AEF89BD00005AC4 /* ProfileImageService.swift */ = {isa = PBXFileReference; lastKnownFileType = sourcecode.swift; path = ProfileImageService.swift; sourceTree = "<group>"; };
		5D86E3552AE3A674008D1197 /* NetworkError.swift */ = {isa = PBXFileReference; lastKnownFileType = sourcecode.swift; path = NetworkError.swift; sourceTree = "<group>"; };
		5D8A35A42B0B24F900E88A8D /* AuthHelper.swift */ = {isa = PBXFileReference; lastKnownFileType = sourcecode.swift; path = AuthHelper.swift; sourceTree = "<group>"; };
		5DDAB5E32AF7EE5900B2BB29 /* URLSession.swift */ = {isa = PBXFileReference; lastKnownFileType = sourcecode.swift; path = URLSession.swift; sourceTree = "<group>"; };
		5DE9E8022AFE4FB300CA34BB /* ImagesListService.swift */ = {isa = PBXFileReference; lastKnownFileType = sourcecode.swift; path = ImagesListService.swift; sourceTree = "<group>"; };
/* End PBXFileReference section */

/* Begin PBXFrameworksBuildPhase section */
		5D1934EF2AA31FE7000B608B /* Frameworks */ = {
			isa = PBXFrameworksBuildPhase;
			buildActionMask = 2147483647;
			files = (
				5D07E9AF2AFA232B0002CDED /* Kingfisher in Frameworks */,
				5D87D08C2AE534360067B333 /* ProgressHUD in Frameworks */,
				5D07E9B22AFA328A0002CDED /* SwiftKeychainWrapper in Frameworks */,
			);
			runOnlyForDeploymentPostprocessing = 0;
		};
/* End PBXFrameworksBuildPhase section */

/* Begin PBXGroup section */
		5D1934E92AA31FE7000B608B = {
			isa = PBXGroup;
			children = (
				5D1934F42AA31FE7000B608B /* ImageFeed */,
				5D1934F32AA31FE7000B608B /* Products */,
			);
			sourceTree = "<group>";
		};
		5D1934F32AA31FE7000B608B /* Products */ = {
			isa = PBXGroup;
			children = (
				5D1934F22AA31FE7000B608B /* ImageFeed.app */,
			);
			name = Products;
			sourceTree = "<group>";
		};
		5D1934F42AA31FE7000B608B /* ImageFeed */ = {
			isa = PBXGroup;
			children = (
				5D1D69E62ADE6B3600090719 /* SplashView */,
				5D372BE92ACBFA4B00C032C1 /* Auth */,
				5D19350B2AA358A6000B608B /* ImagesList */,
				5D3090DA2AC0020000933F1F /* SingleImage */,
				5D63DA182AB09DBE00BD3736 /* Profile */,
				5D3090DD2AC0027D00933F1F /* Helper */,
				5D07E9B32AFA53340002CDED /* TabBarController.swift */,
				5D1934F52AA31FE7000B608B /* AppDelegate.swift */,
				5D1934F72AA31FE7000B608B /* SceneDelegate.swift */,
				5D1934FB2AA31FE7000B608B /* Main.storyboard */,
				5D1934FE2AA31FEA000B608B /* Assets.xcassets */,
				5D1935002AA31FEA000B608B /* LaunchScreen.storyboard */,
				5D1935032AA31FEA000B608B /* Info.plist */,
			);
			path = ImageFeed;
			sourceTree = "<group>";
		};
		5D19350B2AA358A6000B608B /* ImagesList */ = {
			isa = PBXGroup;
			children = (
				5D1934F92AA31FE7000B608B /* ImagesListViewController.swift */,
				5D1935092AA35816000B608B /* ImagesListCell.swift */,
				5DE9E8022AFE4FB300CA34BB /* ImagesListService.swift */,
			);
			path = ImagesList;
			sourceTree = "<group>";
		};
		5D1D69E62ADE6B3600090719 /* SplashView */ = {
			isa = PBXGroup;
			children = (
				5D1D69E42ADE6B3000090719 /* SplashViewController.swift */,
			);
			path = SplashView;
			sourceTree = "<group>";
		};
		5D3090DA2AC0020000933F1F /* SingleImage */ = {
			isa = PBXGroup;
			children = (
				5D1A26162AB1AB4E00EE9DE8 /* SingleImageViewController.swift */,
			);
			path = SingleImage;
			sourceTree = "<group>";
		};
		5D3090DD2AC0027D00933F1F /* Helper */ = {
			isa = PBXGroup;
			children = (
				5D3EC7A82AC4245E007FD69B /* AuthConfiguration.swift */,
				5D8A35A42B0B24F900E88A8D /* AuthHelper.swift */,
				5D3090DB2AC0027700933F1F /* UIColor+Extensions.swift */,
				5D86E3552AE3A674008D1197 /* NetworkError.swift */,
				5D6E793B2AE8F8A400005AC4 /* UIBlockingProgressHUD.swift */,
				5DDAB5E32AF7EE5900B2BB29 /* URLSession.swift */,
			);
			path = Helper;
			sourceTree = "<group>";
		};
		5D372BE92ACBFA4B00C032C1 /* Auth */ = {
			isa = PBXGroup;
			children = (
				5D5C079D2B08A64700EF8007 /* WebView */,
				5D372BE72ACBF92300C032C1 /* AuthViewController.swift */,
				5D0E50442AD667810059AE7A /* OAuth2Service.swift */,
				5D0E50462AD69DEC0059AE7A /* OAuth2TokenStorage.swift */,
			);
			path = Auth;
			sourceTree = "<group>";
		};
		5D5C079D2B08A64700EF8007 /* WebView */ = {
			isa = PBXGroup;
			children = (
				5D372BEA2ACBFA7A00C032C1 /* WebViewViewController.swift */,
				5D5C079E2B08A65F00EF8007 /* WebViewPresenter.swift */,
			);
			path = WebView;
			sourceTree = "<group>";
		};
		5D63DA182AB09DBE00BD3736 /* Profile */ = {
			isa = PBXGroup;
			children = (
				5D63DA162AB0970300BD3736 /* ProfileViewController.swift */,
				5D6E793D2AE90C6E00005AC4 /* ProfileService.swift */,
				5D6E793F2AEF89BD00005AC4 /* ProfileImageService.swift */,
			);
			path = Profile;
			sourceTree = "<group>";
		};
/* End PBXGroup section */

/* Begin PBXNativeTarget section */
		5D1934F12AA31FE7000B608B /* ImageFeed */ = {
			isa = PBXNativeTarget;
			buildConfigurationList = 5D1935062AA31FEA000B608B /* Build configuration list for PBXNativeTarget "ImageFeed" */;
			buildPhases = (
				5D1934EE2AA31FE7000B608B /* Sources */,
				5D1934EF2AA31FE7000B608B /* Frameworks */,
				5D1934F02AA31FE7000B608B /* Resources */,
			);
			buildRules = (
			);
			dependencies = (
			);
			name = ImageFeed;
			packageProductDependencies = (
				5D87D08B2AE534360067B333 /* ProgressHUD */,
				5D07E9AE2AFA232B0002CDED /* Kingfisher */,
				5D07E9B12AFA328A0002CDED /* SwiftKeychainWrapper */,
			);
			productName = ImageFeed;
			productReference = 5D1934F22AA31FE7000B608B /* ImageFeed.app */;
			productType = "com.apple.product-type.application";
		};
/* End PBXNativeTarget section */

/* Begin PBXProject section */
		5D1934EA2AA31FE7000B608B /* Project object */ = {
			isa = PBXProject;
			attributes = {
				BuildIndependentTargetsInParallel = 1;
				LastSwiftUpdateCheck = 1430;
				LastUpgradeCheck = 1430;
				TargetAttributes = {
					5D1934F12AA31FE7000B608B = {
						CreatedOnToolsVersion = 14.3.1;
					};
				};
			};
			buildConfigurationList = 5D1934ED2AA31FE7000B608B /* Build configuration list for PBXProject "ImageFeed" */;
			compatibilityVersion = "Xcode 14.0";
			developmentRegion = en;
			hasScannedForEncodings = 0;
			knownRegions = (
				en,
				Base,
			);
			mainGroup = 5D1934E92AA31FE7000B608B;
			packageReferences = (
				5D87D08A2AE534360067B333 /* XCRemoteSwiftPackageReference "ProgressHUD" */,
				5D07E9AD2AFA232B0002CDED /* XCRemoteSwiftPackageReference "Kingfisher" */,
				5D07E9B02AFA328A0002CDED /* XCRemoteSwiftPackageReference "SwiftKeychainWrapper" */,
			);
			productRefGroup = 5D1934F32AA31FE7000B608B /* Products */;
			projectDirPath = "";
			projectRoot = "";
			targets = (
				5D1934F12AA31FE7000B608B /* ImageFeed */,
			);
		};
/* End PBXProject section */

/* Begin PBXResourcesBuildPhase section */
		5D1934F02AA31FE7000B608B /* Resources */ = {
			isa = PBXResourcesBuildPhase;
			buildActionMask = 2147483647;
			files = (
				5D1935022AA31FEA000B608B /* LaunchScreen.storyboard in Resources */,
				5D1934FF2AA31FEA000B608B /* Assets.xcassets in Resources */,
				5D1934FD2AA31FE7000B608B /* Main.storyboard in Resources */,
			);
			runOnlyForDeploymentPostprocessing = 0;
		};
/* End PBXResourcesBuildPhase section */

/* Begin PBXSourcesBuildPhase section */
		5D1934EE2AA31FE7000B608B /* Sources */ = {
			isa = PBXSourcesBuildPhase;
			buildActionMask = 2147483647;
			files = (
				5D0E50472AD69DEC0059AE7A /* OAuth2TokenStorage.swift in Sources */,
				5D6E793E2AE90C6E00005AC4 /* ProfileService.swift in Sources */,
				5D86E3562AE3A674008D1197 /* NetworkError.swift in Sources */,
				5D372BEB2ACBFA7A00C032C1 /* WebViewViewController.swift in Sources */,
				5D1934FA2AA31FE7000B608B /* ImagesListViewController.swift in Sources */,
				5DE9E8032AFE4FB300CA34BB /* ImagesListService.swift in Sources */,
				5D0E50452AD667810059AE7A /* OAuth2Service.swift in Sources */,
				5D8A35A52B0B24F900E88A8D /* AuthHelper.swift in Sources */,
				5D6E79402AEF89BD00005AC4 /* ProfileImageService.swift in Sources */,
				5D19350A2AA35816000B608B /* ImagesListCell.swift in Sources */,
				5D63DA172AB0970300BD3736 /* ProfileViewController.swift in Sources */,
				5D1D69E52ADE6B3000090719 /* SplashViewController.swift in Sources */,
				5D07E9B42AFA53340002CDED /* TabBarController.swift in Sources */,
				5D6E793C2AE8F8A400005AC4 /* UIBlockingProgressHUD.swift in Sources */,
				5D1934F62AA31FE7000B608B /* AppDelegate.swift in Sources */,
				5D3090DC2AC0027700933F1F /* UIColor+Extensions.swift in Sources */,
				5D1A26172AB1AB4E00EE9DE8 /* SingleImageViewController.swift in Sources */,
				5D5C079F2B08A65F00EF8007 /* WebViewPresenter.swift in Sources */,
				5DDAB5E42AF7EE5900B2BB29 /* URLSession.swift in Sources */,
				5D1934F82AA31FE7000B608B /* SceneDelegate.swift in Sources */,
				5D372BE82ACBF92300C032C1 /* AuthViewController.swift in Sources */,
				5D3EC7A92AC4245E007FD69B /* AuthConfiguration.swift in Sources */,
			);
			runOnlyForDeploymentPostprocessing = 0;
		};
/* End PBXSourcesBuildPhase section */

/* Begin PBXVariantGroup section */
		5D1934FB2AA31FE7000B608B /* Main.storyboard */ = {
			isa = PBXVariantGroup;
			children = (
				5D1934FC2AA31FE7000B608B /* Base */,
			);
			name = Main.storyboard;
			sourceTree = "<group>";
		};
		5D1935002AA31FEA000B608B /* LaunchScreen.storyboard */ = {
			isa = PBXVariantGroup;
			children = (
				5D1935012AA31FEA000B608B /* Base */,
			);
			name = LaunchScreen.storyboard;
			sourceTree = "<group>";
		};
/* End PBXVariantGroup section */

/* Begin XCBuildConfiguration section */
		5D1935042AA31FEA000B608B /* Debug */ = {
			isa = XCBuildConfiguration;
			buildSettings = {
				ALWAYS_SEARCH_USER_PATHS = NO;
				CLANG_ANALYZER_NONNULL = YES;
				CLANG_ANALYZER_NUMBER_OBJECT_CONVERSION = YES_AGGRESSIVE;
				CLANG_CXX_LANGUAGE_STANDARD = "gnu++20";
				CLANG_ENABLE_MODULES = YES;
				CLANG_ENABLE_OBJC_ARC = YES;
				CLANG_ENABLE_OBJC_WEAK = YES;
				CLANG_WARN_BLOCK_CAPTURE_AUTORELEASING = YES;
				CLANG_WARN_BOOL_CONVERSION = YES;
				CLANG_WARN_COMMA = YES;
				CLANG_WARN_CONSTANT_CONVERSION = YES;
				CLANG_WARN_DEPRECATED_OBJC_IMPLEMENTATIONS = YES;
				CLANG_WARN_DIRECT_OBJC_ISA_USAGE = YES_ERROR;
				CLANG_WARN_DOCUMENTATION_COMMENTS = YES;
				CLANG_WARN_EMPTY_BODY = YES;
				CLANG_WARN_ENUM_CONVERSION = YES;
				CLANG_WARN_INFINITE_RECURSION = YES;
				CLANG_WARN_INT_CONVERSION = YES;
				CLANG_WARN_NON_LITERAL_NULL_CONVERSION = YES;
				CLANG_WARN_OBJC_IMPLICIT_RETAIN_SELF = YES;
				CLANG_WARN_OBJC_LITERAL_CONVERSION = YES;
				CLANG_WARN_OBJC_ROOT_CLASS = YES_ERROR;
				CLANG_WARN_QUOTED_INCLUDE_IN_FRAMEWORK_HEADER = YES;
				CLANG_WARN_RANGE_LOOP_ANALYSIS = YES;
				CLANG_WARN_STRICT_PROTOTYPES = YES;
				CLANG_WARN_SUSPICIOUS_MOVE = YES;
				CLANG_WARN_UNGUARDED_AVAILABILITY = YES_AGGRESSIVE;
				CLANG_WARN_UNREACHABLE_CODE = YES;
				CLANG_WARN__DUPLICATE_METHOD_MATCH = YES;
				COPY_PHASE_STRIP = NO;
				DEBUG_INFORMATION_FORMAT = dwarf;
				ENABLE_STRICT_OBJC_MSGSEND = YES;
				ENABLE_TESTABILITY = YES;
				GCC_C_LANGUAGE_STANDARD = gnu11;
				GCC_DYNAMIC_NO_PIC = NO;
				GCC_NO_COMMON_BLOCKS = YES;
				GCC_OPTIMIZATION_LEVEL = 0;
				GCC_PREPROCESSOR_DEFINITIONS = (
					"DEBUG=1",
					"$(inherited)",
				);
				GCC_WARN_64_TO_32_BIT_CONVERSION = YES;
				GCC_WARN_ABOUT_RETURN_TYPE = YES_ERROR;
				GCC_WARN_UNDECLARED_SELECTOR = YES;
				GCC_WARN_UNINITIALIZED_AUTOS = YES_AGGRESSIVE;
				GCC_WARN_UNUSED_FUNCTION = YES;
				GCC_WARN_UNUSED_VARIABLE = YES;
				IPHONEOS_DEPLOYMENT_TARGET = 13.0;
				MTL_ENABLE_DEBUG_INFO = INCLUDE_SOURCE;
				MTL_FAST_MATH = YES;
				ONLY_ACTIVE_ARCH = YES;
				SDKROOT = iphoneos;
				SWIFT_ACTIVE_COMPILATION_CONDITIONS = DEBUG;
				SWIFT_OPTIMIZATION_LEVEL = "-Onone";
			};
			name = Debug;
		};
		5D1935052AA31FEA000B608B /* Release */ = {
			isa = XCBuildConfiguration;
			buildSettings = {
				ALWAYS_SEARCH_USER_PATHS = NO;
				CLANG_ANALYZER_NONNULL = YES;
				CLANG_ANALYZER_NUMBER_OBJECT_CONVERSION = YES_AGGRESSIVE;
				CLANG_CXX_LANGUAGE_STANDARD = "gnu++20";
				CLANG_ENABLE_MODULES = YES;
				CLANG_ENABLE_OBJC_ARC = YES;
				CLANG_ENABLE_OBJC_WEAK = YES;
				CLANG_WARN_BLOCK_CAPTURE_AUTORELEASING = YES;
				CLANG_WARN_BOOL_CONVERSION = YES;
				CLANG_WARN_COMMA = YES;
				CLANG_WARN_CONSTANT_CONVERSION = YES;
				CLANG_WARN_DEPRECATED_OBJC_IMPLEMENTATIONS = YES;
				CLANG_WARN_DIRECT_OBJC_ISA_USAGE = YES_ERROR;
				CLANG_WARN_DOCUMENTATION_COMMENTS = YES;
				CLANG_WARN_EMPTY_BODY = YES;
				CLANG_WARN_ENUM_CONVERSION = YES;
				CLANG_WARN_INFINITE_RECURSION = YES;
				CLANG_WARN_INT_CONVERSION = YES;
				CLANG_WARN_NON_LITERAL_NULL_CONVERSION = YES;
				CLANG_WARN_OBJC_IMPLICIT_RETAIN_SELF = YES;
				CLANG_WARN_OBJC_LITERAL_CONVERSION = YES;
				CLANG_WARN_OBJC_ROOT_CLASS = YES_ERROR;
				CLANG_WARN_QUOTED_INCLUDE_IN_FRAMEWORK_HEADER = YES;
				CLANG_WARN_RANGE_LOOP_ANALYSIS = YES;
				CLANG_WARN_STRICT_PROTOTYPES = YES;
				CLANG_WARN_SUSPICIOUS_MOVE = YES;
				CLANG_WARN_UNGUARDED_AVAILABILITY = YES_AGGRESSIVE;
				CLANG_WARN_UNREACHABLE_CODE = YES;
				CLANG_WARN__DUPLICATE_METHOD_MATCH = YES;
				COPY_PHASE_STRIP = NO;
				DEBUG_INFORMATION_FORMAT = "dwarf-with-dsym";
				ENABLE_NS_ASSERTIONS = NO;
				ENABLE_STRICT_OBJC_MSGSEND = YES;
				GCC_C_LANGUAGE_STANDARD = gnu11;
				GCC_NO_COMMON_BLOCKS = YES;
				GCC_WARN_64_TO_32_BIT_CONVERSION = YES;
				GCC_WARN_ABOUT_RETURN_TYPE = YES_ERROR;
				GCC_WARN_UNDECLARED_SELECTOR = YES;
				GCC_WARN_UNINITIALIZED_AUTOS = YES_AGGRESSIVE;
				GCC_WARN_UNUSED_FUNCTION = YES;
				GCC_WARN_UNUSED_VARIABLE = YES;
				IPHONEOS_DEPLOYMENT_TARGET = 13.0;
				MTL_ENABLE_DEBUG_INFO = NO;
				MTL_FAST_MATH = YES;
				SDKROOT = iphoneos;
				SWIFT_COMPILATION_MODE = wholemodule;
				SWIFT_OPTIMIZATION_LEVEL = "-O";
				VALIDATE_PRODUCT = YES;
			};
			name = Release;
		};
		5D1935072AA31FEA000B608B /* Debug */ = {
			isa = XCBuildConfiguration;
			buildSettings = {
				ASSETCATALOG_COMPILER_APPICON_NAME = AppIcon;
				ASSETCATALOG_COMPILER_GLOBAL_ACCENT_COLOR_NAME = AccentColor;
				CODE_SIGN_STYLE = Automatic;
				CURRENT_PROJECT_VERSION = 1;
				DEVELOPMENT_TEAM = 57BQS6GUN5;
				GENERATE_INFOPLIST_FILE = YES;
				INFOPLIST_FILE = ImageFeed/Info.plist;
				INFOPLIST_KEY_UIApplicationSupportsIndirectInputEvents = YES;
				INFOPLIST_KEY_UILaunchStoryboardName = LaunchScreen;
				INFOPLIST_KEY_UIMainStoryboardFile = Main;
				INFOPLIST_KEY_UIStatusBarStyle = UIStatusBarStyleLightContent;
				INFOPLIST_KEY_UISupportedInterfaceOrientations = UIInterfaceOrientationPortrait;
				IPHONEOS_DEPLOYMENT_TARGET = 13.0;
				LD_RUNPATH_SEARCH_PATHS = (
					"$(inherited)",
					"@executable_path/Frameworks",
				);
				MARKETING_VERSION = 1.1;
				PRODUCT_BUNDLE_IDENTIFIER = "ru.yandex.practicum.ImageFeed.filton87.ImageFeed-22";
				PRODUCT_NAME = "$(TARGET_NAME)";
				SUPPORTED_PLATFORMS = "iphoneos iphonesimulator";
				SUPPORTS_MACCATALYST = NO;
				SUPPORTS_MAC_DESIGNED_FOR_IPHONE_IPAD = YES;
				SWIFT_EMIT_LOC_STRINGS = YES;
				SWIFT_VERSION = 5.0;
				TARGETED_DEVICE_FAMILY = 1;
			};
			name = Debug;
		};
		5D1935082AA31FEA000B608B /* Release */ = {
			isa = XCBuildConfiguration;
			buildSettings = {
				ASSETCATALOG_COMPILER_APPICON_NAME = AppIcon;
				ASSETCATALOG_COMPILER_GLOBAL_ACCENT_COLOR_NAME = AccentColor;
				CODE_SIGN_STYLE = Automatic;
				CURRENT_PROJECT_VERSION = 1;
				DEVELOPMENT_TEAM = 57BQS6GUN5;
				GENERATE_INFOPLIST_FILE = YES;
				INFOPLIST_FILE = ImageFeed/Info.plist;
				INFOPLIST_KEY_UIApplicationSupportsIndirectInputEvents = YES;
				INFOPLIST_KEY_UILaunchStoryboardName = LaunchScreen;
				INFOPLIST_KEY_UIMainStoryboardFile = Main;
				INFOPLIST_KEY_UIStatusBarStyle = UIStatusBarStyleLightContent;
				INFOPLIST_KEY_UISupportedInterfaceOrientations = UIInterfaceOrientationPortrait;
				IPHONEOS_DEPLOYMENT_TARGET = 13.0;
				LD_RUNPATH_SEARCH_PATHS = (
					"$(inherited)",
					"@executable_path/Frameworks",
				);
				MARKETING_VERSION = 1.1;
				PRODUCT_BUNDLE_IDENTIFIER = "ru.yandex.practicum.ImageFeed.filton87.ImageFeed-22";
				PRODUCT_NAME = "$(TARGET_NAME)";
				SUPPORTED_PLATFORMS = "iphoneos iphonesimulator";
				SUPPORTS_MACCATALYST = NO;
				SUPPORTS_MAC_DESIGNED_FOR_IPHONE_IPAD = YES;
				SWIFT_EMIT_LOC_STRINGS = YES;
				SWIFT_VERSION = 5.0;
				TARGETED_DEVICE_FAMILY = 1;
			};
			name = Release;
		};
/* End XCBuildConfiguration section */

/* Begin XCConfigurationList section */
		5D1934ED2AA31FE7000B608B /* Build configuration list for PBXProject "ImageFeed" */ = {
			isa = XCConfigurationList;
			buildConfigurations = (
				5D1935042AA31FEA000B608B /* Debug */,
				5D1935052AA31FEA000B608B /* Release */,
			);
			defaultConfigurationIsVisible = 0;
			defaultConfigurationName = Release;
		};
		5D1935062AA31FEA000B608B /* Build configuration list for PBXNativeTarget "ImageFeed" */ = {
			isa = XCConfigurationList;
			buildConfigurations = (
				5D1935072AA31FEA000B608B /* Debug */,
				5D1935082AA31FEA000B608B /* Release */,
			);
			defaultConfigurationIsVisible = 0;
			defaultConfigurationName = Release;
		};
/* End XCConfigurationList section */

/* Begin XCRemoteSwiftPackageReference section */
		5D07E9AD2AFA232B0002CDED /* XCRemoteSwiftPackageReference "Kingfisher" */ = {
			isa = XCRemoteSwiftPackageReference;
			repositoryURL = "https://github.com/onevcat/Kingfisher.git";
			requirement = {
				kind = upToNextMajorVersion;
				minimumVersion = 7.10.0;
			};
		};
		5D07E9B02AFA328A0002CDED /* XCRemoteSwiftPackageReference "SwiftKeychainWrapper" */ = {
			isa = XCRemoteSwiftPackageReference;
			repositoryURL = "https://github.com/jrendel/SwiftKeychainWrapper";
			requirement = {
				kind = upToNextMajorVersion;
				minimumVersion = 4.0.1;
			};
		};
		5D87D08A2AE534360067B333 /* XCRemoteSwiftPackageReference "ProgressHUD" */ = {
			isa = XCRemoteSwiftPackageReference;
			repositoryURL = "https://github.com/relatedcode/ProgressHUD";
			requirement = {
				kind = exactVersion;
				version = 14.0.0;
			};
		};
/* End XCRemoteSwiftPackageReference section */

/* Begin XCSwiftPackageProductDependency section */
		5D07E9AE2AFA232B0002CDED /* Kingfisher */ = {
			isa = XCSwiftPackageProductDependency;
			package = 5D07E9AD2AFA232B0002CDED /* XCRemoteSwiftPackageReference "Kingfisher" */;
			productName = Kingfisher;
		};
		5D07E9B12AFA328A0002CDED /* SwiftKeychainWrapper */ = {
			isa = XCSwiftPackageProductDependency;
			package = 5D07E9B02AFA328A0002CDED /* XCRemoteSwiftPackageReference "SwiftKeychainWrapper" */;
			productName = SwiftKeychainWrapper;
		};
		5D87D08B2AE534360067B333 /* ProgressHUD */ = {
			isa = XCSwiftPackageProductDependency;
			package = 5D87D08A2AE534360067B333 /* XCRemoteSwiftPackageReference "ProgressHUD" */;
			productName = ProgressHUD;
		};
/* End XCSwiftPackageProductDependency section */
	};
	rootObject = 5D1934EA2AA31FE7000B608B /* Project object */;
}
